
Microsoft Visual Studio Solution File, Format Version 12.00
Project("{2150E333-8FDC-42A3-9474-1A3956D46DE8}") = "SourceControl", "SourceControl", "{D4940C05-6BDE-4598-85DF-0E78DADE5E80}"
ProjectSection(SolutionItems) = preProject
	.gitignore = .gitignore
	LICENSE = LICENSE
	README.md = README.md
EndProjectSection
EndProject
Project("{FAE04EC0-301F-11D3-BF4B-00C04F79EFBC}") = "Engine", "Engine\Engine.csproj", "{9C07D53F-4EF6-40F7-8FDA-76323F467791}"
EndProject
Project("{FAE04EC0-301F-11D3-BF4B-00C04F79EFBC}") = "Sandbox", "Sandbox\Sandbox.csproj", "{F60A9281-E068-4675-8982-AA7DA2C8B476}"
EndProject
Project("{FAE04EC0-301F-11D3-BF4B-00C04F79EFBC}") = "FlowField", "FlowField\FlowField.csproj", "{D30E6211-AE70-414C-8E03-1E32A82B8C93}"
EndProject
Project("{FAE04EC0-301F-11D3-BF4B-00C04F79EFBC}") = "Slime", "Slime\Slime.csproj", "{E4EC2434-5E55-4003-A743-BBA35CDF9385}"
EndProject
Project("{FAE04EC0-301F-11D3-BF4B-00C04F79EFBC}") = "Metaballs", "Metaballs\Metaballs.csproj", "{4918EE45-CB9E-4C49-A7F1-E9EFCEAFDC78}"
EndProject
Project("{FAE04EC0-301F-11D3-BF4B-00C04F79EFBC}") = "AntSimulation", "AntSimulation\AntSimulation.csproj", "{49A5F24E-7042-4C41-AE8B-967FB881F87E}"
EndProject
Project("{2150E333-8FDC-42A3-9474-1A3956D46DE8}") = "TrashedProjects", "TrashedProjects", "{E7344CCB-93E7-45D9-94C5-A682089E5CDF}"
EndProject
Global
	GlobalSection(SolutionConfigurationPlatforms) = preSolution
		Debug|Any CPU = Debug|Any CPU
		Release|Any CPU = Release|Any CPU
	EndGlobalSection
	GlobalSection(ProjectConfigurationPlatforms) = postSolution
		{9C07D53F-4EF6-40F7-8FDA-76323F467791}.Debug|Any CPU.ActiveCfg = Debug|Any CPU
		{9C07D53F-4EF6-40F7-8FDA-76323F467791}.Debug|Any CPU.Build.0 = Debug|Any CPU
		{9C07D53F-4EF6-40F7-8FDA-76323F467791}.Release|Any CPU.ActiveCfg = Release|Any CPU
		{9C07D53F-4EF6-40F7-8FDA-76323F467791}.Release|Any CPU.Build.0 = Release|Any CPU
		{F60A9281-E068-4675-8982-AA7DA2C8B476}.Debug|Any CPU.ActiveCfg = Debug|Any CPU
		{F60A9281-E068-4675-8982-AA7DA2C8B476}.Debug|Any CPU.Build.0 = Debug|Any CPU
		{F60A9281-E068-4675-8982-AA7DA2C8B476}.Release|Any CPU.ActiveCfg = Release|Any CPU
		{F60A9281-E068-4675-8982-AA7DA2C8B476}.Release|Any CPU.Build.0 = Release|Any CPU
		{D30E6211-AE70-414C-8E03-1E32A82B8C93}.Debug|Any CPU.ActiveCfg = Debug|Any CPU
		{D30E6211-AE70-414C-8E03-1E32A82B8C93}.Debug|Any CPU.Build.0 = Debug|Any CPU
		{D30E6211-AE70-414C-8E03-1E32A82B8C93}.Release|Any CPU.ActiveCfg = Release|Any CPU
		{D30E6211-AE70-414C-8E03-1E32A82B8C93}.Release|Any CPU.Build.0 = Release|Any CPU
		{E4EC2434-5E55-4003-A743-BBA35CDF9385}.Debug|Any CPU.ActiveCfg = Debug|Any CPU
		{E4EC2434-5E55-4003-A743-BBA35CDF9385}.Debug|Any CPU.Build.0 = Debug|Any CPU
		{E4EC2434-5E55-4003-A743-BBA35CDF9385}.Release|Any CPU.ActiveCfg = Release|Any CPU
		{E4EC2434-5E55-4003-A743-BBA35CDF9385}.Release|Any CPU.Build.0 = Release|Any CPU
		{4918EE45-CB9E-4C49-A7F1-E9EFCEAFDC78}.Debug|Any CPU.ActiveCfg = Debug|Any CPU
		{4918EE45-CB9E-4C49-A7F1-E9EFCEAFDC78}.Debug|Any CPU.Build.0 = Debug|Any CPU
		{4918EE45-CB9E-4C49-A7F1-E9EFCEAFDC78}.Release|Any CPU.ActiveCfg = Release|Any CPU
		{4918EE45-CB9E-4C49-A7F1-E9EFCEAFDC78}.Release|Any CPU.Build.0 = Release|Any CPU
		{49A5F24E-7042-4C41-AE8B-967FB881F87E}.Debug|Any CPU.ActiveCfg = Debug|Any CPU
		{49A5F24E-7042-4C41-AE8B-967FB881F87E}.Debug|Any CPU.Build.0 = Debug|Any CPU
		{49A5F24E-7042-4C41-AE8B-967FB881F87E}.Release|Any CPU.ActiveCfg = Release|Any CPU
		{49A5F24E-7042-4C41-AE8B-967FB881F87E}.Release|Any CPU.Build.0 = Release|Any CPU
	EndGlobalSection
	GlobalSection(NestedProjects) = preSolution
		{49A5F24E-7042-4C41-AE8B-967FB881F87E} = {E7344CCB-93E7-45D9-94C5-A682089E5CDF}
		{E4EC2434-5E55-4003-A743-BBA35CDF9385} = {E7344CCB-93E7-45D9-94C5-A682089E5CDF}
	EndGlobalSection
EndGlobal
